
Microsoft Visual Studio Solution File, Format Version 12.00
# Visual Studio 15
Project("{FAE04EC0-301F-11D3-BF4B-00C04F79EFBC}") = "Assembly-CSharp", "Assembly-CSharp.csproj", "{C23617FA-15CF-464A-2376-D9558FAE11CE}"
EndProject
Project("{FAE04EC0-301F-11D3-BF4B-00C04F79EFBC}") = "Assembly-CSharp-firstpass", "Assembly-CSharp-firstpass.csproj", "{9A5C94DA-076F-58D1-C146-F53EF055BBE2}"
EndProject
Global
	GlobalSection(SolutionConfigurationPlatforms) = preSolution
		Debug|Any CPU = Debug|Any CPU
		Release|Any CPU = Release|Any CPU
	EndGlobalSection
	GlobalSection(ProjectConfigurationPlatforms) = postSolution
		{C23617FA-15CF-464A-2376-D9558FAE11CE}.Debug|Any CPU.ActiveCfg = Debug|Any CPU
		{C23617FA-15CF-464A-2376-D9558FAE11CE}.Debug|Any CPU.Build.0 = Debug|Any CPU
		{C23617FA-15CF-464A-2376-D9558FAE11CE}.Release|Any CPU.ActiveCfg = Release|Any CPU
		{C23617FA-15CF-464A-2376-D9558FAE11CE}.Release|Any CPU.Build.0 = Release|Any CPU
		{9A5C94DA-076F-58D1-C146-F53EF055BBE2}.Debug|Any CPU.ActiveCfg = Debug|Any CPU
		{9A5C94DA-076F-58D1-C146-F53EF055BBE2}.Debug|Any CPU.Build.0 = Debug|Any CPU
		{9A5C94DA-076F-58D1-C146-F53EF055BBE2}.Release|Any CPU.ActiveCfg = Release|Any CPU
		{9A5C94DA-076F-58D1-C146-F53EF055BBE2}.Release|Any CPU.Build.0 = Release|Any CPU
	EndGlobalSection
	GlobalSection(SolutionProperties) = preSolution
		HideSolutionNode = FALSE
	EndGlobalSection
EndGlobal
